// !$*UTF8*$!
{
	archiveVersion = 1;
	classes = {
	};
	objectVersion = 56;
	objects = {

/* Begin PBXBuildFile section */
		469C709F2BC1E016004F5BDD /* GPAViewController.swift in Sources */ = {isa = PBXBuildFile; fileRef = 469C709E2BC1E016004F5BDD /* GPAViewController.swift */; };
		469C70A12BC1E14E004F5BDD /* WhatIfViewController.swift in Sources */ = {isa = PBXBuildFile; fileRef = 469C70A02BC1E14E004F5BDD /* WhatIfViewController.swift */; };
		46B509A12BC1EA25003F0337 /* User.swift in Sources */ = {isa = PBXBuildFile; fileRef = 46B509A02BC1EA25003F0337 /* User.swift */; };
		46B509A42BC1EA34003F0337 /* LoginViewController.swift in Sources */ = {isa = PBXBuildFile; fileRef = 46B509A22BC1EA34003F0337 /* LoginViewController.swift */; };
		46B509A52BC1EA34003F0337 /* SignUpViewController.swift in Sources */ = {isa = PBXBuildFile; fileRef = 46B509A32BC1EA34003F0337 /* SignUpViewController.swift */; };
		46B509A72BC1EA3B003F0337 /* FeedViewController.swift in Sources */ = {isa = PBXBuildFile; fileRef = 46B509A62BC1EA3B003F0337 /* FeedViewController.swift */; };
		46B509A92BC21453003F0337 /* ClassTableViewCell.swift in Sources */ = {isa = PBXBuildFile; fileRef = 46B509A82BC21453003F0337 /* ClassTableViewCell.swift */; };
		46B509AB2BC306F5003F0337 /* HistoryTableViewCell.swift in Sources */ = {isa = PBXBuildFile; fileRef = 46B509AA2BC306F5003F0337 /* HistoryTableViewCell.swift */; };
		46C17A682BC0676700A3420B /* ParseSwift in Frameworks */ = {isa = PBXBuildFile; productRef = 46C17A672BC0676700A3420B /* ParseSwift */; };
		46C17A6C2BC1058900A3420B /* Student.swift in Sources */ = {isa = PBXBuildFile; fileRef = 46C17A6B2BC1058900A3420B /* Student.swift */; };
		46C17A6F2BC1DBF300A3420B /* HomePage.swift in Sources */ = {isa = PBXBuildFile; fileRef = 46C17A6E2BC1DBF300A3420B /* HomePage.swift */; };
		CEBA1FC82BB8979600F19A30 /* AppDelegate.swift in Sources */ = {isa = PBXBuildFile; fileRef = CEBA1FC72BB8979600F19A30 /* AppDelegate.swift */; };
		CEBA1FCA2BB8979600F19A30 /* SceneDelegate.swift in Sources */ = {isa = PBXBuildFile; fileRef = CEBA1FC92BB8979600F19A30 /* SceneDelegate.swift */; };
		CEBA1FCF2BB8979600F19A30 /* Main.storyboard in Resources */ = {isa = PBXBuildFile; fileRef = CEBA1FCD2BB8979600F19A30 /* Main.storyboard */; };
		CEBA1FD12BB8979A00F19A30 /* Assets.xcassets in Resources */ = {isa = PBXBuildFile; fileRef = CEBA1FD02BB8979A00F19A30 /* Assets.xcassets */; };
		CEBA1FD42BB8979A00F19A30 /* LaunchScreen.storyboard in Resources */ = {isa = PBXBuildFile; fileRef = CEBA1FD22BB8979A00F19A30 /* LaunchScreen.storyboard */; };
		CEBA1FE12BBF447C00F19A30 /* HistoryViewController.swift in Sources */ = {isa = PBXBuildFile; fileRef = CEBA1FE02BBF447C00F19A30 /* HistoryViewController.swift */; };
		CEBA1FE32BBF448C00F19A30 /* AddClassViewController.swift in Sources */ = {isa = PBXBuildFile; fileRef = CEBA1FE22BBF448C00F19A30 /* AddClassViewController.swift */; };
		CEBA1FE62BBF462600F19A30 /* AddClass.swift in Sources */ = {isa = PBXBuildFile; fileRef = CEBA1FE52BBF462600F19A30 /* AddClass.swift */; };
/* End PBXBuildFile section */

/* Begin PBXFileReference section */
		469C709E2BC1E016004F5BDD /* GPAViewController.swift */ = {isa = PBXFileReference; lastKnownFileType = sourcecode.swift; path = GPAViewController.swift; sourceTree = "<group>"; };
		469C70A02BC1E14E004F5BDD /* WhatIfViewController.swift */ = {isa = PBXFileReference; lastKnownFileType = sourcecode.swift; path = WhatIfViewController.swift; sourceTree = "<group>"; };
		46B509A02BC1EA25003F0337 /* User.swift */ = {isa = PBXFileReference; fileEncoding = 4; lastKnownFileType = sourcecode.swift; name = User.swift; path = ../LoginPage/User.swift; sourceTree = "<group>"; };
		46B509A22BC1EA34003F0337 /* LoginViewController.swift */ = {isa = PBXFileReference; fileEncoding = 4; lastKnownFileType = sourcecode.swift; path = LoginViewController.swift; sourceTree = "<group>"; };
		46B509A32BC1EA34003F0337 /* SignUpViewController.swift */ = {isa = PBXFileReference; fileEncoding = 4; lastKnownFileType = sourcecode.swift; path = SignUpViewController.swift; sourceTree = "<group>"; };
		46B509A62BC1EA3B003F0337 /* FeedViewController.swift */ = {isa = PBXFileReference; fileEncoding = 4; lastKnownFileType = sourcecode.swift; path = FeedViewController.swift; sourceTree = "<group>"; };
		46B509A82BC21453003F0337 /* ClassTableViewCell.swift */ = {isa = PBXFileReference; lastKnownFileType = sourcecode.swift; path = ClassTableViewCell.swift; sourceTree = "<group>"; };
		46B509AA2BC306F5003F0337 /* HistoryTableViewCell.swift */ = {isa = PBXFileReference; lastKnownFileType = sourcecode.swift; path = HistoryTableViewCell.swift; sourceTree = "<group>"; };
		46C17A6B2BC1058900A3420B /* Student.swift */ = {isa = PBXFileReference; lastKnownFileType = sourcecode.swift; path = Student.swift; sourceTree = "<group>"; };
		46C17A6E2BC1DBF300A3420B /* HomePage.swift */ = {isa = PBXFileReference; lastKnownFileType = sourcecode.swift; path = HomePage.swift; sourceTree = "<group>"; };
		CEBA1FC42BB8979600F19A30 /* GPACalculator.app */ = {isa = PBXFileReference; explicitFileType = wrapper.application; includeInIndex = 0; path = GPACalculator.app; sourceTree = BUILT_PRODUCTS_DIR; };
		CEBA1FC72BB8979600F19A30 /* AppDelegate.swift */ = {isa = PBXFileReference; lastKnownFileType = sourcecode.swift; path = AppDelegate.swift; sourceTree = "<group>"; };
		CEBA1FC92BB8979600F19A30 /* SceneDelegate.swift */ = {isa = PBXFileReference; lastKnownFileType = sourcecode.swift; path = SceneDelegate.swift; sourceTree = "<group>"; };
		CEBA1FCE2BB8979600F19A30 /* Base */ = {isa = PBXFileReference; lastKnownFileType = file.storyboard; name = Base; path = Base.lproj/Main.storyboard; sourceTree = "<group>"; };
		CEBA1FD02BB8979A00F19A30 /* Assets.xcassets */ = {isa = PBXFileReference; lastKnownFileType = folder.assetcatalog; path = Assets.xcassets; sourceTree = "<group>"; };
		CEBA1FD32BB8979A00F19A30 /* Base */ = {isa = PBXFileReference; lastKnownFileType = file.storyboard; name = Base; path = Base.lproj/LaunchScreen.storyboard; sourceTree = "<group>"; };
		CEBA1FD52BB8979A00F19A30 /* Info.plist */ = {isa = PBXFileReference; lastKnownFileType = text.plist.xml; path = Info.plist; sourceTree = "<group>"; };
		CEBA1FE02BBF447C00F19A30 /* HistoryViewController.swift */ = {isa = PBXFileReference; lastKnownFileType = sourcecode.swift; path = HistoryViewController.swift; sourceTree = "<group>"; };
		CEBA1FE22BBF448C00F19A30 /* AddClassViewController.swift */ = {isa = PBXFileReference; lastKnownFileType = sourcecode.swift; path = AddClassViewController.swift; sourceTree = "<group>"; };
		CEBA1FE52BBF462600F19A30 /* AddClass.swift */ = {isa = PBXFileReference; lastKnownFileType = sourcecode.swift; path = AddClass.swift; sourceTree = "<group>"; };
/* End PBXFileReference section */

/* Begin PBXFrameworksBuildPhase section */
		CEBA1FC12BB8979600F19A30 /* Frameworks */ = {
			isa = PBXFrameworksBuildPhase;
			buildActionMask = 2147483647;
			files = (
				46C17A682BC0676700A3420B /* ParseSwift in Frameworks */,
			);
			runOnlyForDeploymentPostprocessing = 0;
		};
/* End PBXFrameworksBuildPhase section */

/* Begin PBXGroup section */
		469C709B2BC1DF98004F5BDD /* GPAPage */ = {
			isa = PBXGroup;
			children = (
				469C709E2BC1E016004F5BDD /* GPAViewController.swift */,
			);
			path = GPAPage;
			sourceTree = "<group>";
		};
		469C709D2BC1DFD9004F5BDD /* WhatIfPage */ = {
			isa = PBXGroup;
			children = (
				469C70A02BC1E14E004F5BDD /* WhatIfViewController.swift */,
				46B509A82BC21453003F0337 /* ClassTableViewCell.swift */,
			);
			path = WhatIfPage;
			sourceTree = "<group>";
		};
		46B5099F2BC1EA18003F0337 /* LoginPage */ = {
			isa = PBXGroup;
			children = (
				46B509A22BC1EA34003F0337 /* LoginViewController.swift */,
				46B509A62BC1EA3B003F0337 /* FeedViewController.swift */,
				46B509A32BC1EA34003F0337 /* SignUpViewController.swift */,
			);
			path = LoginPage;
			sourceTree = "<group>";
		};
		46C17A6D2BC1DB7100A3420B /* HomePage */ = {
			isa = PBXGroup;
			children = (
				46C17A6E2BC1DBF300A3420B /* HomePage.swift */,
			);
			path = HomePage;
			sourceTree = "<group>";
		};
		CEBA1FBB2BB8979600F19A30 = {
			isa = PBXGroup;
			children = (
				CEBA1FC62BB8979600F19A30 /* GPACalculator */,
				CEBA1FC52BB8979600F19A30 /* Products */,
			);
			sourceTree = "<group>";
		};
		CEBA1FC52BB8979600F19A30 /* Products */ = {
			isa = PBXGroup;
			children = (
				CEBA1FC42BB8979600F19A30 /* GPACalculator.app */,
			);
			name = Products;
			sourceTree = "<group>";
		};
		CEBA1FC62BB8979600F19A30 /* GPACalculator */ = {
			isa = PBXGroup;
			children = (
				46B5099F2BC1EA18003F0337 /* LoginPage */,
				469C709D2BC1DFD9004F5BDD /* WhatIfPage */,
				469C709B2BC1DF98004F5BDD /* GPAPage */,
				46C17A6D2BC1DB7100A3420B /* HomePage */,
				CEBA1FE42BBF45F000F19A30 /* Models */,
				CEBA1FDF2BBF442500F19A30 /* History */,
				CEBA1FC72BB8979600F19A30 /* AppDelegate.swift */,
				CEBA1FC92BB8979600F19A30 /* SceneDelegate.swift */,
				CEBA1FCD2BB8979600F19A30 /* Main.storyboard */,
				CEBA1FD02BB8979A00F19A30 /* Assets.xcassets */,
				CEBA1FD22BB8979A00F19A30 /* LaunchScreen.storyboard */,
				CEBA1FD52BB8979A00F19A30 /* Info.plist */,
			);
			path = GPACalculator;
			sourceTree = "<group>";
		};
		CEBA1FDF2BBF442500F19A30 /* History */ = {
			isa = PBXGroup;
			children = (
				CEBA1FE02BBF447C00F19A30 /* HistoryViewController.swift */,
				CEBA1FE22BBF448C00F19A30 /* AddClassViewController.swift */,
				46B509AA2BC306F5003F0337 /* HistoryTableViewCell.swift */,
			);
			path = History;
			sourceTree = "<group>";
		};
		CEBA1FE42BBF45F000F19A30 /* Models */ = {
			isa = PBXGroup;
			children = (
				46B509A02BC1EA25003F0337 /* User.swift */,
				CEBA1FE52BBF462600F19A30 /* AddClass.swift */,
				46C17A6B2BC1058900A3420B /* Student.swift */,
			);
			path = Models;
			sourceTree = "<group>";
		};
/* End PBXGroup section */

/* Begin PBXNativeTarget section */
		CEBA1FC32BB8979600F19A30 /* GPACalculator */ = {
			isa = PBXNativeTarget;
			buildConfigurationList = CEBA1FD82BB8979A00F19A30 /* Build configuration list for PBXNativeTarget "GPACalculator" */;
			buildPhases = (
				CEBA1FC02BB8979600F19A30 /* Sources */,
				CEBA1FC12BB8979600F19A30 /* Frameworks */,
				CEBA1FC22BB8979600F19A30 /* Resources */,
			);
			buildRules = (
			);
			dependencies = (
			);
			name = GPACalculator;
			packageProductDependencies = (
				46C17A672BC0676700A3420B /* ParseSwift */,
			);
			productName = GPACalculator;
			productReference = CEBA1FC42BB8979600F19A30 /* GPACalculator.app */;
			productType = "com.apple.product-type.application";
		};
/* End PBXNativeTarget section */

/* Begin PBXProject section */
		CEBA1FBC2BB8979600F19A30 /* Project object */ = {
			isa = PBXProject;
			attributes = {
				BuildIndependentTargetsInParallel = 1;
				LastSwiftUpdateCheck = 1520;
				LastUpgradeCheck = 1520;
				TargetAttributes = {
					CEBA1FC32BB8979600F19A30 = {
						CreatedOnToolsVersion = 15.2;
					};
				};
			};
			buildConfigurationList = CEBA1FBF2BB8979600F19A30 /* Build configuration list for PBXProject "GPACalculator" */;
			compatibilityVersion = "Xcode 14.0";
			developmentRegion = en;
			hasScannedForEncodings = 0;
			knownRegions = (
				en,
				Base,
			);
			mainGroup = CEBA1FBB2BB8979600F19A30;
			packageReferences = (
				46C17A662BC0676700A3420B /* XCRemoteSwiftPackageReference "Parse-Swift" */,
			);
			productRefGroup = CEBA1FC52BB8979600F19A30 /* Products */;
			projectDirPath = "";
			projectRoot = "";
			targets = (
				CEBA1FC32BB8979600F19A30 /* GPACalculator */,
			);
		};
/* End PBXProject section */

/* Begin PBXResourcesBuildPhase section */
		CEBA1FC22BB8979600F19A30 /* Resources */ = {
			isa = PBXResourcesBuildPhase;
			buildActionMask = 2147483647;
			files = (
				CEBA1FD42BB8979A00F19A30 /* LaunchScreen.storyboard in Resources */,
				CEBA1FD12BB8979A00F19A30 /* Assets.xcassets in Resources */,
				CEBA1FCF2BB8979600F19A30 /* Main.storyboard in Resources */,
			);
			runOnlyForDeploymentPostprocessing = 0;
		};
/* End PBXResourcesBuildPhase section */

/* Begin PBXSourcesBuildPhase section */
		CEBA1FC02BB8979600F19A30 /* Sources */ = {
			isa = PBXSourcesBuildPhase;
			buildActionMask = 2147483647;
			files = (
				46B509A42BC1EA34003F0337 /* LoginViewController.swift in Sources */,
				469C709F2BC1E016004F5BDD /* GPAViewController.swift in Sources */,
				CEBA1FC82BB8979600F19A30 /* AppDelegate.swift in Sources */,
				CEBA1FE62BBF462600F19A30 /* AddClass.swift in Sources */,
				CEBA1FCA2BB8979600F19A30 /* SceneDelegate.swift in Sources */,
				CEBA1FE32BBF448C00F19A30 /* AddClassViewController.swift in Sources */,
				46B509A72BC1EA3B003F0337 /* FeedViewController.swift in Sources */,
				46C17A6C2BC1058900A3420B /* Student.swift in Sources */,
				46B509A92BC21453003F0337 /* ClassTableViewCell.swift in Sources */,
				469C70A12BC1E14E004F5BDD /* WhatIfViewController.swift in Sources */,
				46B509AB2BC306F5003F0337 /* HistoryTableViewCell.swift in Sources */,
				CEBA1FE12BBF447C00F19A30 /* HistoryViewController.swift in Sources */,
				46C17A6F2BC1DBF300A3420B /* HomePage.swift in Sources */,
				46B509A52BC1EA34003F0337 /* SignUpViewController.swift in Sources */,
				46B509A12BC1EA25003F0337 /* User.swift in Sources */,
			);
			runOnlyForDeploymentPostprocessing = 0;
		};
/* End PBXSourcesBuildPhase section */

/* Begin PBXVariantGroup section */
		CEBA1FCD2BB8979600F19A30 /* Main.storyboard */ = {
			isa = PBXVariantGroup;
			children = (
				CEBA1FCE2BB8979600F19A30 /* Base */,
			);
			name = Main.storyboard;
			sourceTree = "<group>";
		};
		CEBA1FD22BB8979A00F19A30 /* LaunchScreen.storyboard */ = {
			isa = PBXVariantGroup;
			children = (
				CEBA1FD32BB8979A00F19A30 /* Base */,
			);
			name = LaunchScreen.storyboard;
			sourceTree = "<group>";
		};
/* End PBXVariantGroup section */

/* Begin XCBuildConfiguration section */
		CEBA1FD62BB8979A00F19A30 /* Debug */ = {
			isa = XCBuildConfiguration;
			buildSettings = {
				ALWAYS_SEARCH_USER_PATHS = NO;
				ASSETCATALOG_COMPILER_GENERATE_SWIFT_ASSET_SYMBOL_EXTENSIONS = YES;
				CLANG_ANALYZER_NONNULL = YES;
				CLANG_ANALYZER_NUMBER_OBJECT_CONVERSION = YES_AGGRESSIVE;
				CLANG_CXX_LANGUAGE_STANDARD = "gnu++20";
				CLANG_ENABLE_MODULES = YES;
				CLANG_ENABLE_OBJC_ARC = YES;
				CLANG_ENABLE_OBJC_WEAK = YES;
				CLANG_WARN_BLOCK_CAPTURE_AUTORELEASING = YES;
				CLANG_WARN_BOOL_CONVERSION = YES;
				CLANG_WARN_COMMA = YES;
				CLANG_WARN_CONSTANT_CONVERSION = YES;
				CLANG_WARN_DEPRECATED_OBJC_IMPLEMENTATIONS = YES;
				CLANG_WARN_DIRECT_OBJC_ISA_USAGE = YES_ERROR;
				CLANG_WARN_DOCUMENTATION_COMMENTS = YES;
				CLANG_WARN_EMPTY_BODY = YES;
				CLANG_WARN_ENUM_CONVERSION = YES;
				CLANG_WARN_INFINITE_RECURSION = YES;
				CLANG_WARN_INT_CONVERSION = YES;
				CLANG_WARN_NON_LITERAL_NULL_CONVERSION = YES;
				CLANG_WARN_OBJC_IMPLICIT_RETAIN_SELF = YES;
				CLANG_WARN_OBJC_LITERAL_CONVERSION = YES;
				CLANG_WARN_OBJC_ROOT_CLASS = YES_ERROR;
				CLANG_WARN_QUOTED_INCLUDE_IN_FRAMEWORK_HEADER = YES;
				CLANG_WARN_RANGE_LOOP_ANALYSIS = YES;
				CLANG_WARN_STRICT_PROTOTYPES = YES;
				CLANG_WARN_SUSPICIOUS_MOVE = YES;
				CLANG_WARN_UNGUARDED_AVAILABILITY = YES_AGGRESSIVE;
				CLANG_WARN_UNREACHABLE_CODE = YES;
				CLANG_WARN__DUPLICATE_METHOD_MATCH = YES;
				COPY_PHASE_STRIP = NO;
				DEBUG_INFORMATION_FORMAT = dwarf;
				ENABLE_STRICT_OBJC_MSGSEND = YES;
				ENABLE_TESTABILITY = YES;
				ENABLE_USER_SCRIPT_SANDBOXING = YES;
				GCC_C_LANGUAGE_STANDARD = gnu17;
				GCC_DYNAMIC_NO_PIC = NO;
				GCC_NO_COMMON_BLOCKS = YES;
				GCC_OPTIMIZATION_LEVEL = 0;
				GCC_PREPROCESSOR_DEFINITIONS = (
					"DEBUG=1",
					"$(inherited)",
				);
				GCC_WARN_64_TO_32_BIT_CONVERSION = YES;
				GCC_WARN_ABOUT_RETURN_TYPE = YES_ERROR;
				GCC_WARN_UNDECLARED_SELECTOR = YES;
				GCC_WARN_UNINITIALIZED_AUTOS = YES_AGGRESSIVE;
				GCC_WARN_UNUSED_FUNCTION = YES;
				GCC_WARN_UNUSED_VARIABLE = YES;
				IPHONEOS_DEPLOYMENT_TARGET = 17.2;
				LOCALIZATION_PREFERS_STRING_CATALOGS = YES;
				MTL_ENABLE_DEBUG_INFO = INCLUDE_SOURCE;
				MTL_FAST_MATH = YES;
				ONLY_ACTIVE_ARCH = YES;
				SDKROOT = iphoneos;
				SWIFT_ACTIVE_COMPILATION_CONDITIONS = "DEBUG $(inherited)";
				SWIFT_OPTIMIZATION_LEVEL = "-Onone";
			};
			name = Debug;
		};
		CEBA1FD72BB8979A00F19A30 /* Release */ = {
			isa = XCBuildConfiguration;
			buildSettings = {
				ALWAYS_SEARCH_USER_PATHS = NO;
				ASSETCATALOG_COMPILER_GENERATE_SWIFT_ASSET_SYMBOL_EXTENSIONS = YES;
				CLANG_ANALYZER_NONNULL = YES;
				CLANG_ANALYZER_NUMBER_OBJECT_CONVERSION = YES_AGGRESSIVE;
				CLANG_CXX_LANGUAGE_STANDARD = "gnu++20";
				CLANG_ENABLE_MODULES = YES;
				CLANG_ENABLE_OBJC_ARC = YES;
				CLANG_ENABLE_OBJC_WEAK = YES;
				CLANG_WARN_BLOCK_CAPTURE_AUTORELEASING = YES;
				CLANG_WARN_BOOL_CONVERSION = YES;
				CLANG_WARN_COMMA = YES;
				CLANG_WARN_CONSTANT_CONVERSION = YES;
				CLANG_WARN_DEPRECATED_OBJC_IMPLEMENTATIONS = YES;
				CLANG_WARN_DIRECT_OBJC_ISA_USAGE = YES_ERROR;
				CLANG_WARN_DOCUMENTATION_COMMENTS = YES;
				CLANG_WARN_EMPTY_BODY = YES;
				CLANG_WARN_ENUM_CONVERSION = YES;
				CLANG_WARN_INFINITE_RECURSION = YES;
				CLANG_WARN_INT_CONVERSION = YES;
				CLANG_WARN_NON_LITERAL_NULL_CONVERSION = YES;
				CLANG_WARN_OBJC_IMPLICIT_RETAIN_SELF = YES;
				CLANG_WARN_OBJC_LITERAL_CONVERSION = YES;
				CLANG_WARN_OBJC_ROOT_CLASS = YES_ERROR;
				CLANG_WARN_QUOTED_INCLUDE_IN_FRAMEWORK_HEADER = YES;
				CLANG_WARN_RANGE_LOOP_ANALYSIS = YES;
				CLANG_WARN_STRICT_PROTOTYPES = YES;
				CLANG_WARN_SUSPICIOUS_MOVE = YES;
				CLANG_WARN_UNGUARDED_AVAILABILITY = YES_AGGRESSIVE;
				CLANG_WARN_UNREACHABLE_CODE = YES;
				CLANG_WARN__DUPLICATE_METHOD_MATCH = YES;
				COPY_PHASE_STRIP = NO;
				DEBUG_INFORMATION_FORMAT = "dwarf-with-dsym";
				ENABLE_NS_ASSERTIONS = NO;
				ENABLE_STRICT_OBJC_MSGSEND = YES;
				ENABLE_USER_SCRIPT_SANDBOXING = YES;
				GCC_C_LANGUAGE_STANDARD = gnu17;
				GCC_NO_COMMON_BLOCKS = YES;
				GCC_WARN_64_TO_32_BIT_CONVERSION = YES;
				GCC_WARN_ABOUT_RETURN_TYPE = YES_ERROR;
				GCC_WARN_UNDECLARED_SELECTOR = YES;
				GCC_WARN_UNINITIALIZED_AUTOS = YES_AGGRESSIVE;
				GCC_WARN_UNUSED_FUNCTION = YES;
				GCC_WARN_UNUSED_VARIABLE = YES;
				IPHONEOS_DEPLOYMENT_TARGET = 17.2;
				LOCALIZATION_PREFERS_STRING_CATALOGS = YES;
				MTL_ENABLE_DEBUG_INFO = NO;
				MTL_FAST_MATH = YES;
				SDKROOT = iphoneos;
				SWIFT_COMPILATION_MODE = wholemodule;
				VALIDATE_PRODUCT = YES;
			};
			name = Release;
		};
		CEBA1FD92BB8979A00F19A30 /* Debug */ = {
			isa = XCBuildConfiguration;
			buildSettings = {
				ASSETCATALOG_COMPILER_APPICON_NAME = AppIcon;
				ASSETCATALOG_COMPILER_GLOBAL_ACCENT_COLOR_NAME = AccentColor;
				CODE_SIGN_STYLE = Automatic;
				CURRENT_PROJECT_VERSION = 1;
				GENERATE_INFOPLIST_FILE = YES;
				INFOPLIST_FILE = GPACalculator/Info.plist;
				INFOPLIST_KEY_UIApplicationSupportsIndirectInputEvents = YES;
				INFOPLIST_KEY_UILaunchStoryboardName = LaunchScreen;
				INFOPLIST_KEY_UIMainStoryboardFile = Main;
				INFOPLIST_KEY_UISupportedInterfaceOrientations_iPad = "UIInterfaceOrientationPortrait UIInterfaceOrientationPortraitUpsideDown UIInterfaceOrientationLandscapeLeft UIInterfaceOrientationLandscapeRight";
				INFOPLIST_KEY_UISupportedInterfaceOrientations_iPhone = "UIInterfaceOrientationPortrait UIInterfaceOrientationLandscapeLeft UIInterfaceOrientationLandscapeRight";
				LD_RUNPATH_SEARCH_PATHS = (
					"$(inherited)",
					"@executable_path/Frameworks",
				);
				MARKETING_VERSION = 1.0;
				PRODUCT_BUNDLE_IDENTIFIER = FreemanFrancois.GPACalculator;
				PRODUCT_NAME = "$(TARGET_NAME)";
				SWIFT_EMIT_LOC_STRINGS = YES;
				SWIFT_VERSION = 5.0;
				TARGETED_DEVICE_FAMILY = "1,2";
			};
			name = Debug;
		};
		CEBA1FDA2BB8979A00F19A30 /* Release */ = {
			isa = XCBuildConfiguration;
			buildSettings = {
				ASSETCATALOG_COMPILER_APPICON_NAME = AppIcon;
				ASSETCATALOG_COMPILER_GLOBAL_ACCENT_COLOR_NAME = AccentColor;
				CODE_SIGN_STYLE = Automatic;
				CURRENT_PROJECT_VERSION = 1;
				GENERATE_INFOPLIST_FILE = YES;
				INFOPLIST_FILE = GPACalculator/Info.plist;
				INFOPLIST_KEY_UIApplicationSupportsIndirectInputEvents = YES;
				INFOPLIST_KEY_UILaunchStoryboardName = LaunchScreen;
				INFOPLIST_KEY_UIMainStoryboardFile = Main;
				INFOPLIST_KEY_UISupportedInterfaceOrientations_iPad = "UIInterfaceOrientationPortrait UIInterfaceOrientationPortraitUpsideDown UIInterfaceOrientationLandscapeLeft UIInterfaceOrientationLandscapeRight";
				INFOPLIST_KEY_UISupportedInterfaceOrientations_iPhone = "UIInterfaceOrientationPortrait UIInterfaceOrientationLandscapeLeft UIInterfaceOrientationLandscapeRight";
				LD_RUNPATH_SEARCH_PATHS = (
					"$(inherited)",
					"@executable_path/Frameworks",
				);
				MARKETING_VERSION = 1.0;
				PRODUCT_BUNDLE_IDENTIFIER = FreemanFrancois.GPACalculator;
				PRODUCT_NAME = "$(TARGET_NAME)";
				SWIFT_EMIT_LOC_STRINGS = YES;
				SWIFT_VERSION = 5.0;
				TARGETED_DEVICE_FAMILY = "1,2";
			};
			name = Release;
		};
/* End XCBuildConfiguration section */

/* Begin XCConfigurationList section */
		CEBA1FBF2BB8979600F19A30 /* Build configuration list for PBXProject "GPACalculator" */ = {
			isa = XCConfigurationList;
			buildConfigurations = (
				CEBA1FD62BB8979A00F19A30 /* Debug */,
				CEBA1FD72BB8979A00F19A30 /* Release */,
			);
			defaultConfigurationIsVisible = 0;
			defaultConfigurationName = Release;
		};
		CEBA1FD82BB8979A00F19A30 /* Build configuration list for PBXNativeTarget "GPACalculator" */ = {
			isa = XCConfigurationList;
			buildConfigurations = (
				CEBA1FD92BB8979A00F19A30 /* Debug */,
				CEBA1FDA2BB8979A00F19A30 /* Release */,
			);
			defaultConfigurationIsVisible = 0;
			defaultConfigurationName = Release;
		};
/* End XCConfigurationList section */

/* Begin XCRemoteSwiftPackageReference section */
		46C17A662BC0676700A3420B /* XCRemoteSwiftPackageReference "Parse-Swift" */ = {
			isa = XCRemoteSwiftPackageReference;
			repositoryURL = "https://github.com/parse-community/Parse-Swift";
			requirement = {
				kind = upToNextMajorVersion;
				minimumVersion = 4.14.2;
			};
		};
/* End XCRemoteSwiftPackageReference section */

/* Begin XCSwiftPackageProductDependency section */
		46C17A672BC0676700A3420B /* ParseSwift */ = {
			isa = XCSwiftPackageProductDependency;
			package = 46C17A662BC0676700A3420B /* XCRemoteSwiftPackageReference "Parse-Swift" */;
			productName = ParseSwift;
		};
/* End XCSwiftPackageProductDependency section */
	};
	rootObject = CEBA1FBC2BB8979600F19A30 /* Project object */;
}
